// !$*UTF8*$!
{
	archiveVersion = 1;
	classes = {
	};
	objectVersion = 55;
	objects = {

/* Begin PBXBuildFile section */
		6E8287A127C9017100069DB2 /* PaintModel.swift in Sources */ = {isa = PBXBuildFile; fileRef = 6E82876D27C9017100069DB2 /* PaintModel.swift */; };
		6E8287A227C9017100069DB2 /* FigureType.swift in Sources */ = {isa = PBXBuildFile; fileRef = 6E82876E27C9017100069DB2 /* FigureType.swift */; };
		6E8287A327C9017100069DB2 /* FigureModel.swift in Sources */ = {isa = PBXBuildFile; fileRef = 6E82876F27C9017100069DB2 /* FigureModel.swift */; };
		6E8287A427C9017100069DB2 /* PaintDrawBaseStrategy.swift in Sources */ = {isa = PBXBuildFile; fileRef = 6E82877127C9017100069DB2 /* PaintDrawBaseStrategy.swift */; };
		6E8287A527C9017100069DB2 /* PaintDrawCurveLineStrategy.swift in Sources */ = {isa = PBXBuildFile; fileRef = 6E82877227C9017100069DB2 /* PaintDrawCurveLineStrategy.swift */; };
		6E8287A627C9017100069DB2 /* PaintDrawRectangleStrategy.swift in Sources */ = {isa = PBXBuildFile; fileRef = 6E82877327C9017100069DB2 /* PaintDrawRectangleStrategy.swift */; };
		6E8287A727C9017100069DB2 /* PaintDrawCircleStrategy.swift in Sources */ = {isa = PBXBuildFile; fileRef = 6E82877427C9017100069DB2 /* PaintDrawCircleStrategy.swift */; };
		6E8287A827C9017100069DB2 /* PaintDrawTriangleStrategy.swift in Sources */ = {isa = PBXBuildFile; fileRef = 6E82877527C9017100069DB2 /* PaintDrawTriangleStrategy.swift */; };
		6E8287A927C9017100069DB2 /* PaintDrawLineStrategy.swift in Sources */ = {isa = PBXBuildFile; fileRef = 6E82877627C9017100069DB2 /* PaintDrawLineStrategy.swift */; };
		6E8287AA27C9017100069DB2 /* PaintModelAccessor.swift in Sources */ = {isa = PBXBuildFile; fileRef = 6E82877827C9017100069DB2 /* PaintModelAccessor.swift */; };
		6E8287AB27C9017100069DB2 /* TopBarRightMenuDelegate.swift in Sources */ = {isa = PBXBuildFile; fileRef = 6E82877927C9017100069DB2 /* TopBarRightMenuDelegate.swift */; };
		6E8287AC27C9017100069DB2 /* CanvasDelegate.swift in Sources */ = {isa = PBXBuildFile; fileRef = 6E82877A27C9017100069DB2 /* CanvasDelegate.swift */; };
		6E8287AD27C9017100069DB2 /* FigureModelDelegate.swift in Sources */ = {isa = PBXBuildFile; fileRef = 6E82877B27C9017100069DB2 /* FigureModelDelegate.swift */; };
		6E8287AE27C9017100069DB2 /* DrawDelegate.swift in Sources */ = {isa = PBXBuildFile; fileRef = 6E82877C27C9017100069DB2 /* DrawDelegate.swift */; };
		6E8287AF27C9017100069DB2 /* PaintModelGetterDelegate.swift in Sources */ = {isa = PBXBuildFile; fileRef = 6E82877D27C9017100069DB2 /* PaintModelGetterDelegate.swift */; };
		6E8287B027C9017100069DB2 /* TopRightMenuViewController.swift in Sources */ = {isa = PBXBuildFile; fileRef = 6E82877F27C9017100069DB2 /* TopRightMenuViewController.swift */; };
		6E8287B127C9017100069DB2 /* FigurePickerViewController.swift in Sources */ = {isa = PBXBuildFile; fileRef = 6E82878027C9017100069DB2 /* FigurePickerViewController.swift */; };
		6E8287B227C9017100069DB2 /* PaintViewController.swift in Sources */ = {isa = PBXBuildFile; fileRef = 6E82878127C9017100069DB2 /* PaintViewController.swift */; };
		6E8287B327C9017100069DB2 /* ColorPickerViewController.swift in Sources */ = {isa = PBXBuildFile; fileRef = 6E82878227C9017100069DB2 /* ColorPickerViewController.swift */; };
		6E8287B427C9017100069DB2 /* CanvasViewController.swift in Sources */ = {isa = PBXBuildFile; fileRef = 6E82878327C9017100069DB2 /* CanvasViewController.swift */; };
		6E8287B527C9017100069DB2 /* CanvasView.swift in Sources */ = {isa = PBXBuildFile; fileRef = 6E82878527C9017100069DB2 /* CanvasView.swift */; };
		6E8287B627C9017100069DB2 /* TopRightMenuView.swift in Sources */ = {isa = PBXBuildFile; fileRef = 6E82878627C9017100069DB2 /* TopRightMenuView.swift */; };
		6E8287B727C9017100069DB2 /* ColorPickerTableViewCell.swift in Sources */ = {isa = PBXBuildFile; fileRef = 6E82878727C9017100069DB2 /* ColorPickerTableViewCell.swift */; };
		6E8287B827C9017100069DB2 /* GradientView.swift in Sources */ = {isa = PBXBuildFile; fileRef = 6E82878827C9017100069DB2 /* GradientView.swift */; };
		6E8287B927C9017100069DB2 /* FigurePickerViewLayout.swift in Sources */ = {isa = PBXBuildFile; fileRef = 6E82878927C9017100069DB2 /* FigurePickerViewLayout.swift */; };
		6E8287BA27C9017100069DB2 /* FigurePickerViewCell.swift in Sources */ = {isa = PBXBuildFile; fileRef = 6E82878A27C9017100069DB2 /* FigurePickerViewCell.swift */; };
		6E8287BB27C9017100069DB2 /* DemotivatorViewController.swift in Sources */ = {isa = PBXBuildFile; fileRef = 6E82878D27C9017100069DB2 /* DemotivatorViewController.swift */; };
		6E8287BC27C9017100069DB2 /* DemotivatorMenuViewController.swift in Sources */ = {isa = PBXBuildFile; fileRef = 6E82878E27C9017100069DB2 /* DemotivatorMenuViewController.swift */; };
		6E8287BD27C9017100069DB2 /* UIImage+extension.swift in Sources */ = {isa = PBXBuildFile; fileRef = 6E82879027C9017100069DB2 /* UIImage+extension.swift */; };
		6E8287BE27C9017100069DB2 /* DemotivatorView.swift in Sources */ = {isa = PBXBuildFile; fileRef = 6E82879127C9017100069DB2 /* DemotivatorView.swift */; };
		6E8287BF27C9017100069DB2 /* FileStorage.swift in Sources */ = {isa = PBXBuildFile; fileRef = 6E82879327C9017100069DB2 /* FileStorage.swift */; };
		6E8287C027C9017100069DB2 /* UserDefaultsStorage.swift in Sources */ = {isa = PBXBuildFile; fileRef = 6E82879427C9017100069DB2 /* UserDefaultsStorage.swift */; };
		6E8287C127C9017100069DB2 /* GalleryImageViewController.swift in Sources */ = {isa = PBXBuildFile; fileRef = 6E82879827C9017100069DB2 /* GalleryImageViewController.swift */; };
		6E8287C227C9017100069DB2 /* GalleryViewController.swift in Sources */ = {isa = PBXBuildFile; fileRef = 6E82879927C9017100069DB2 /* GalleryViewController.swift */; };
		6E8287C327C9017100069DB2 /* MenuViewController.swift in Sources */ = {isa = PBXBuildFile; fileRef = 6E82879A27C9017100069DB2 /* MenuViewController.swift */; };
		6E8287C427C9017100069DB2 /* GalleryImageCollectionViewCell.swift in Sources */ = {isa = PBXBuildFile; fileRef = 6E82879C27C9017100069DB2 /* GalleryImageCollectionViewCell.swift */; };
		6E8287C527C9017100069DB2 /* PGDButton.swift in Sources */ = {isa = PBXBuildFile; fileRef = 6E82879D27C9017100069DB2 /* PGDButton.swift */; };
		6E8287C627C9017100069DB2 /* GalleryViewLayout.swift in Sources */ = {isa = PBXBuildFile; fileRef = 6E82879E27C9017100069DB2 /* GalleryViewLayout.swift */; };
		6E8287C727C9017100069DB2 /* GalleryActionCollectionViewCell.swift in Sources */ = {isa = PBXBuildFile; fileRef = 6E82879F27C9017100069DB2 /* GalleryActionCollectionViewCell.swift */; };
		6E8287C827C9017100069DB2 /* UICollectionViewCell+extension.swift in Sources */ = {isa = PBXBuildFile; fileRef = 6E8287A027C9017100069DB2 /* UICollectionViewCell+extension.swift */; };
		6EFFD6C127A1BFD200EE827C /* AppDelegate.swift in Sources */ = {isa = PBXBuildFile; fileRef = 6EFFD6C027A1BFD200EE827C /* AppDelegate.swift */; };
		6EFFD6C327A1BFD200EE827C /* SceneDelegate.swift in Sources */ = {isa = PBXBuildFile; fileRef = 6EFFD6C227A1BFD200EE827C /* SceneDelegate.swift */; };
		6EFFD6CA27A1BFD400EE827C /* Assets.xcassets in Resources */ = {isa = PBXBuildFile; fileRef = 6EFFD6C927A1BFD400EE827C /* Assets.xcassets */; };
		6EFFD6CD27A1BFD400EE827C /* LaunchScreen.storyboard in Resources */ = {isa = PBXBuildFile; fileRef = 6EFFD6CB27A1BFD400EE827C /* LaunchScreen.storyboard */; };
/* End PBXBuildFile section */

/* Begin PBXFileReference section */
		6E82876D27C9017100069DB2 /* PaintModel.swift */ = {isa = PBXFileReference; fileEncoding = 4; lastKnownFileType = sourcecode.swift; path = PaintModel.swift; sourceTree = "<group>"; };
		6E82876E27C9017100069DB2 /* FigureType.swift */ = {isa = PBXFileReference; fileEncoding = 4; lastKnownFileType = sourcecode.swift; path = FigureType.swift; sourceTree = "<group>"; };
		6E82876F27C9017100069DB2 /* FigureModel.swift */ = {isa = PBXFileReference; fileEncoding = 4; lastKnownFileType = sourcecode.swift; path = FigureModel.swift; sourceTree = "<group>"; };
		6E82877127C9017100069DB2 /* PaintDrawBaseStrategy.swift */ = {isa = PBXFileReference; fileEncoding = 4; lastKnownFileType = sourcecode.swift; path = PaintDrawBaseStrategy.swift; sourceTree = "<group>"; };
		6E82877227C9017100069DB2 /* PaintDrawCurveLineStrategy.swift */ = {isa = PBXFileReference; fileEncoding = 4; lastKnownFileType = sourcecode.swift; path = PaintDrawCurveLineStrategy.swift; sourceTree = "<group>"; };
		6E82877327C9017100069DB2 /* PaintDrawRectangleStrategy.swift */ = {isa = PBXFileReference; fileEncoding = 4; lastKnownFileType = sourcecode.swift; path = PaintDrawRectangleStrategy.swift; sourceTree = "<group>"; };
		6E82877427C9017100069DB2 /* PaintDrawCircleStrategy.swift */ = {isa = PBXFileReference; fileEncoding = 4; lastKnownFileType = sourcecode.swift; path = PaintDrawCircleStrategy.swift; sourceTree = "<group>"; };
		6E82877527C9017100069DB2 /* PaintDrawTriangleStrategy.swift */ = {isa = PBXFileReference; fileEncoding = 4; lastKnownFileType = sourcecode.swift; path = PaintDrawTriangleStrategy.swift; sourceTree = "<group>"; };
		6E82877627C9017100069DB2 /* PaintDrawLineStrategy.swift */ = {isa = PBXFileReference; fileEncoding = 4; lastKnownFileType = sourcecode.swift; path = PaintDrawLineStrategy.swift; sourceTree = "<group>"; };
		6E82877827C9017100069DB2 /* PaintModelAccessor.swift */ = {isa = PBXFileReference; fileEncoding = 4; lastKnownFileType = sourcecode.swift; path = PaintModelAccessor.swift; sourceTree = "<group>"; };
		6E82877927C9017100069DB2 /* TopBarRightMenuDelegate.swift */ = {isa = PBXFileReference; fileEncoding = 4; lastKnownFileType = sourcecode.swift; path = TopBarRightMenuDelegate.swift; sourceTree = "<group>"; };
		6E82877A27C9017100069DB2 /* CanvasDelegate.swift */ = {isa = PBXFileReference; fileEncoding = 4; lastKnownFileType = sourcecode.swift; path = CanvasDelegate.swift; sourceTree = "<group>"; };
		6E82877B27C9017100069DB2 /* FigureModelDelegate.swift */ = {isa = PBXFileReference; fileEncoding = 4; lastKnownFileType = sourcecode.swift; path = FigureModelDelegate.swift; sourceTree = "<group>"; };
		6E82877C27C9017100069DB2 /* DrawDelegate.swift */ = {isa = PBXFileReference; fileEncoding = 4; lastKnownFileType = sourcecode.swift; path = DrawDelegate.swift; sourceTree = "<group>"; };
		6E82877D27C9017100069DB2 /* PaintModelGetterDelegate.swift */ = {isa = PBXFileReference; fileEncoding = 4; lastKnownFileType = sourcecode.swift; path = PaintModelGetterDelegate.swift; sourceTree = "<group>"; };
		6E82877F27C9017100069DB2 /* TopRightMenuViewController.swift */ = {isa = PBXFileReference; fileEncoding = 4; lastKnownFileType = sourcecode.swift; path = TopRightMenuViewController.swift; sourceTree = "<group>"; };
		6E82878027C9017100069DB2 /* FigurePickerViewController.swift */ = {isa = PBXFileReference; fileEncoding = 4; lastKnownFileType = sourcecode.swift; path = FigurePickerViewController.swift; sourceTree = "<group>"; };
		6E82878127C9017100069DB2 /* PaintViewController.swift */ = {isa = PBXFileReference; fileEncoding = 4; lastKnownFileType = sourcecode.swift; path = PaintViewController.swift; sourceTree = "<group>"; };
		6E82878227C9017100069DB2 /* ColorPickerViewController.swift */ = {isa = PBXFileReference; fileEncoding = 4; lastKnownFileType = sourcecode.swift; path = ColorPickerViewController.swift; sourceTree = "<group>"; };
		6E82878327C9017100069DB2 /* CanvasViewController.swift */ = {isa = PBXFileReference; fileEncoding = 4; lastKnownFileType = sourcecode.swift; path = CanvasViewController.swift; sourceTree = "<group>"; };
		6E82878527C9017100069DB2 /* CanvasView.swift */ = {isa = PBXFileReference; fileEncoding = 4; lastKnownFileType = sourcecode.swift; path = CanvasView.swift; sourceTree = "<group>"; };
		6E82878627C9017100069DB2 /* TopRightMenuView.swift */ = {isa = PBXFileReference; fileEncoding = 4; lastKnownFileType = sourcecode.swift; path = TopRightMenuView.swift; sourceTree = "<group>"; };
		6E82878727C9017100069DB2 /* ColorPickerTableViewCell.swift */ = {isa = PBXFileReference; fileEncoding = 4; lastKnownFileType = sourcecode.swift; path = ColorPickerTableViewCell.swift; sourceTree = "<group>"; };
		6E82878827C9017100069DB2 /* GradientView.swift */ = {isa = PBXFileReference; fileEncoding = 4; lastKnownFileType = sourcecode.swift; path = GradientView.swift; sourceTree = "<group>"; };
		6E82878927C9017100069DB2 /* FigurePickerViewLayout.swift */ = {isa = PBXFileReference; fileEncoding = 4; lastKnownFileType = sourcecode.swift; path = FigurePickerViewLayout.swift; sourceTree = "<group>"; };
		6E82878A27C9017100069DB2 /* FigurePickerViewCell.swift */ = {isa = PBXFileReference; fileEncoding = 4; lastKnownFileType = sourcecode.swift; path = FigurePickerViewCell.swift; sourceTree = "<group>"; };
		6E82878D27C9017100069DB2 /* DemotivatorViewController.swift */ = {isa = PBXFileReference; fileEncoding = 4; lastKnownFileType = sourcecode.swift; path = DemotivatorViewController.swift; sourceTree = "<group>"; };
		6E82878E27C9017100069DB2 /* DemotivatorMenuViewController.swift */ = {isa = PBXFileReference; fileEncoding = 4; lastKnownFileType = sourcecode.swift; path = DemotivatorMenuViewController.swift; sourceTree = "<group>"; };
		6E82879027C9017100069DB2 /* UIImage+extension.swift */ = {isa = PBXFileReference; fileEncoding = 4; lastKnownFileType = sourcecode.swift; path = "UIImage+extension.swift"; sourceTree = "<group>"; };
		6E82879127C9017100069DB2 /* DemotivatorView.swift */ = {isa = PBXFileReference; fileEncoding = 4; lastKnownFileType = sourcecode.swift; path = DemotivatorView.swift; sourceTree = "<group>"; };
		6E82879327C9017100069DB2 /* FileStorage.swift */ = {isa = PBXFileReference; fileEncoding = 4; lastKnownFileType = sourcecode.swift; path = FileStorage.swift; sourceTree = "<group>"; };
		6E82879427C9017100069DB2 /* UserDefaultsStorage.swift */ = {isa = PBXFileReference; fileEncoding = 4; lastKnownFileType = sourcecode.swift; path = UserDefaultsStorage.swift; sourceTree = "<group>"; };
		6E82879827C9017100069DB2 /* GalleryImageViewController.swift */ = {isa = PBXFileReference; fileEncoding = 4; lastKnownFileType = sourcecode.swift; path = GalleryImageViewController.swift; sourceTree = "<group>"; };
		6E82879927C9017100069DB2 /* GalleryViewController.swift */ = {isa = PBXFileReference; fileEncoding = 4; lastKnownFileType = sourcecode.swift; path = GalleryViewController.swift; sourceTree = "<group>"; };
		6E82879A27C9017100069DB2 /* MenuViewController.swift */ = {isa = PBXFileReference; fileEncoding = 4; lastKnownFileType = sourcecode.swift; path = MenuViewController.swift; sourceTree = "<group>"; };
		6E82879C27C9017100069DB2 /* GalleryImageCollectionViewCell.swift */ = {isa = PBXFileReference; fileEncoding = 4; lastKnownFileType = sourcecode.swift; path = GalleryImageCollectionViewCell.swift; sourceTree = "<group>"; };
		6E82879D27C9017100069DB2 /* PGDButton.swift */ = {isa = PBXFileReference; fileEncoding = 4; lastKnownFileType = sourcecode.swift; path = PGDButton.swift; sourceTree = "<group>"; };
		6E82879E27C9017100069DB2 /* GalleryViewLayout.swift */ = {isa = PBXFileReference; fileEncoding = 4; lastKnownFileType = sourcecode.swift; path = GalleryViewLayout.swift; sourceTree = "<group>"; };
		6E82879F27C9017100069DB2 /* GalleryActionCollectionViewCell.swift */ = {isa = PBXFileReference; fileEncoding = 4; lastKnownFileType = sourcecode.swift; path = GalleryActionCollectionViewCell.swift; sourceTree = "<group>"; };
		6E8287A027C9017100069DB2 /* UICollectionViewCell+extension.swift */ = {isa = PBXFileReference; fileEncoding = 4; lastKnownFileType = sourcecode.swift; path = "UICollectionViewCell+extension.swift"; sourceTree = "<group>"; };
		6EFFD6BD27A1BFD200EE827C /* swift-paint-gallery.app */ = {isa = PBXFileReference; explicitFileType = wrapper.application; includeInIndex = 0; path = "swift-paint-gallery.app"; sourceTree = BUILT_PRODUCTS_DIR; };
		6EFFD6C027A1BFD200EE827C /* AppDelegate.swift */ = {isa = PBXFileReference; lastKnownFileType = sourcecode.swift; path = AppDelegate.swift; sourceTree = "<group>"; };
		6EFFD6C227A1BFD200EE827C /* SceneDelegate.swift */ = {isa = PBXFileReference; lastKnownFileType = sourcecode.swift; path = SceneDelegate.swift; sourceTree = "<group>"; };
		6EFFD6C927A1BFD400EE827C /* Assets.xcassets */ = {isa = PBXFileReference; lastKnownFileType = folder.assetcatalog; path = Assets.xcassets; sourceTree = "<group>"; };
		6EFFD6CC27A1BFD400EE827C /* Base */ = {isa = PBXFileReference; lastKnownFileType = file.storyboard; name = Base; path = Base.lproj/LaunchScreen.storyboard; sourceTree = "<group>"; };
		6EFFD6CE27A1BFD400EE827C /* Info.plist */ = {isa = PBXFileReference; lastKnownFileType = text.plist.xml; path = Info.plist; sourceTree = "<group>"; };
/* End PBXFileReference section */

/* Begin PBXFrameworksBuildPhase section */
		6EFFD6BA27A1BFD200EE827C /* Frameworks */ = {
			isa = PBXFrameworksBuildPhase;
			buildActionMask = 2147483647;
			files = (
			);
			runOnlyForDeploymentPostprocessing = 0;
		};
/* End PBXFrameworksBuildPhase section */

/* Begin PBXGroup section */
		6E82876B27C9017100069DB2 /* Paint */ = {
			isa = PBXGroup;
			children = (
				6E82876C27C9017100069DB2 /* Models */,
				6E82877027C9017100069DB2 /* PaintDrawStrategies */,
				6E82877727C9017100069DB2 /* Delegates */,
				6E82877E27C9017100069DB2 /* Controllers */,
				6E82878427C9017100069DB2 /* Views */,
			);
			path = Paint;
			sourceTree = "<group>";
		};
		6E82876C27C9017100069DB2 /* Models */ = {
			isa = PBXGroup;
			children = (
				6E82876D27C9017100069DB2 /* PaintModel.swift */,
				6E82876E27C9017100069DB2 /* FigureType.swift */,
				6E82876F27C9017100069DB2 /* FigureModel.swift */,
			);
			path = Models;
			sourceTree = "<group>";
		};
		6E82877027C9017100069DB2 /* PaintDrawStrategies */ = {
			isa = PBXGroup;
			children = (
				6E82877127C9017100069DB2 /* PaintDrawBaseStrategy.swift */,
				6E82877227C9017100069DB2 /* PaintDrawCurveLineStrategy.swift */,
				6E82877327C9017100069DB2 /* PaintDrawRectangleStrategy.swift */,
				6E82877427C9017100069DB2 /* PaintDrawCircleStrategy.swift */,
				6E82877527C9017100069DB2 /* PaintDrawTriangleStrategy.swift */,
				6E82877627C9017100069DB2 /* PaintDrawLineStrategy.swift */,
			);
			path = PaintDrawStrategies;
			sourceTree = "<group>";
		};
		6E82877727C9017100069DB2 /* Delegates */ = {
			isa = PBXGroup;
			children = (
				6E82877827C9017100069DB2 /* PaintModelAccessor.swift */,
				6E82877927C9017100069DB2 /* TopBarRightMenuDelegate.swift */,
				6E82877A27C9017100069DB2 /* CanvasDelegate.swift */,
				6E82877B27C9017100069DB2 /* FigureModelDelegate.swift */,
				6E82877C27C9017100069DB2 /* DrawDelegate.swift */,
				6E82877D27C9017100069DB2 /* PaintModelGetterDelegate.swift */,
			);
			path = Delegates;
			sourceTree = "<group>";
		};
		6E82877E27C9017100069DB2 /* Controllers */ = {
			isa = PBXGroup;
			children = (
				6E82877F27C9017100069DB2 /* TopRightMenuViewController.swift */,
				6E82878027C9017100069DB2 /* FigurePickerViewController.swift */,
				6E82878127C9017100069DB2 /* PaintViewController.swift */,
				6E82878227C9017100069DB2 /* ColorPickerViewController.swift */,
				6E82878327C9017100069DB2 /* CanvasViewController.swift */,
			);
			path = Controllers;
			sourceTree = "<group>";
		};
		6E82878427C9017100069DB2 /* Views */ = {
			isa = PBXGroup;
			children = (
				6E82878527C9017100069DB2 /* CanvasView.swift */,
				6E82878627C9017100069DB2 /* TopRightMenuView.swift */,
				6E82878727C9017100069DB2 /* ColorPickerTableViewCell.swift */,
				6E82878827C9017100069DB2 /* GradientView.swift */,
				6E82878927C9017100069DB2 /* FigurePickerViewLayout.swift */,
				6E82878A27C9017100069DB2 /* FigurePickerViewCell.swift */,
			);
			path = Views;
			sourceTree = "<group>";
		};
		6E82878B27C9017100069DB2 /* Demotivator */ = {
			isa = PBXGroup;
			children = (
				6E82878C27C9017100069DB2 /* Controllers */,
				6E82878F27C9017100069DB2 /* Views */,
			);
			path = Demotivator;
			sourceTree = "<group>";
		};
		6E82878C27C9017100069DB2 /* Controllers */ = {
			isa = PBXGroup;
			children = (
				6E82878D27C9017100069DB2 /* DemotivatorViewController.swift */,
				6E82878E27C9017100069DB2 /* DemotivatorMenuViewController.swift */,
			);
			path = Controllers;
			sourceTree = "<group>";
		};
		6E82878F27C9017100069DB2 /* Views */ = {
			isa = PBXGroup;
			children = (
				6E82879027C9017100069DB2 /* UIImage+extension.swift */,
				6E82879127C9017100069DB2 /* DemotivatorView.swift */,
			);
			path = Views;
			sourceTree = "<group>";
		};
		6E82879227C9017100069DB2 /* Storage */ = {
			isa = PBXGroup;
			children = (
				6E82879327C9017100069DB2 /* FileStorage.swift */,
				6E82879427C9017100069DB2 /* UserDefaultsStorage.swift */,
			);
			path = Storage;
			sourceTree = "<group>";
		};
		6E82879527C9017100069DB2 /* Gallery */ = {
			isa = PBXGroup;
			children = (
				6E82879627C9017100069DB2 /* Models */,
				6E82879727C9017100069DB2 /* Controllers */,
				6E82879B27C9017100069DB2 /* Views */,
			);
			path = Gallery;
			sourceTree = "<group>";
		};
		6E82879627C9017100069DB2 /* Models */ = {
			isa = PBXGroup;
			children = (
			);
			path = Models;
			sourceTree = "<group>";
		};
		6E82879727C9017100069DB2 /* Controllers */ = {
			isa = PBXGroup;
			children = (
				6E82879827C9017100069DB2 /* GalleryImageViewController.swift */,
				6E82879927C9017100069DB2 /* GalleryViewController.swift */,
				6E82879A27C9017100069DB2 /* MenuViewController.swift */,
			);
			path = Controllers;
			sourceTree = "<group>";
		};
		6E82879B27C9017100069DB2 /* Views */ = {
			isa = PBXGroup;
			children = (
				6E82879C27C9017100069DB2 /* GalleryImageCollectionViewCell.swift */,
				6E82879D27C9017100069DB2 /* PGDButton.swift */,
				6E82879E27C9017100069DB2 /* GalleryViewLayout.swift */,
				6E82879F27C9017100069DB2 /* GalleryActionCollectionViewCell.swift */,
				6E8287A027C9017100069DB2 /* UICollectionViewCell+extension.swift */,
			);
			path = Views;
			sourceTree = "<group>";
		};
		6EFFD6B427A1BFD200EE827C = {
			isa = PBXGroup;
			children = (
				6EFFD6BF27A1BFD200EE827C /* swift-paint-gallery */,
				6EFFD6BE27A1BFD200EE827C /* Products */,
			);
			sourceTree = "<group>";
		};
		6EFFD6BE27A1BFD200EE827C /* Products */ = {
			isa = PBXGroup;
			children = (
				6EFFD6BD27A1BFD200EE827C /* swift-paint-gallery.app */,
			);
			name = Products;
			sourceTree = "<group>";
		};
		6EFFD6BF27A1BFD200EE827C /* swift-paint-gallery */ = {
			isa = PBXGroup;
			children = (
				6E82878B27C9017100069DB2 /* Demotivator */,
				6E82879527C9017100069DB2 /* Gallery */,
				6E82876B27C9017100069DB2 /* Paint */,
				6E82879227C9017100069DB2 /* Storage */,
				6EFFD6D427A1C05E00EE827C /* Bootstrap */,
			);
			path = "swift-paint-gallery";
			sourceTree = "<group>";
		};
		6EFFD6D427A1C05E00EE827C /* Bootstrap */ = {
			isa = PBXGroup;
			children = (
				6EFFD6C027A1BFD200EE827C /* AppDelegate.swift */,
				6EFFD6C227A1BFD200EE827C /* SceneDelegate.swift */,
				6EFFD6C927A1BFD400EE827C /* Assets.xcassets */,
				6EFFD6CB27A1BFD400EE827C /* LaunchScreen.storyboard */,
				6EFFD6CE27A1BFD400EE827C /* Info.plist */,
			);
			path = Bootstrap;
			sourceTree = "<group>";
		};
/* End PBXGroup section */

/* Begin PBXNativeTarget section */
		6EFFD6BC27A1BFD200EE827C /* swift-paint-gallery */ = {
			isa = PBXNativeTarget;
			buildConfigurationList = 6EFFD6D127A1BFD400EE827C /* Build configuration list for PBXNativeTarget "swift-paint-gallery" */;
			buildPhases = (
				6EFFD6B927A1BFD200EE827C /* Sources */,
				6EFFD6BA27A1BFD200EE827C /* Frameworks */,
				6EFFD6BB27A1BFD200EE827C /* Resources */,
			);
			buildRules = (
			);
			dependencies = (
			);
			name = "swift-paint-gallery";
			productName = "swift-paint-gallery";
			productReference = 6EFFD6BD27A1BFD200EE827C /* swift-paint-gallery.app */;
			productType = "com.apple.product-type.application";
		};
/* End PBXNativeTarget section */

/* Begin PBXProject section */
		6EFFD6B527A1BFD200EE827C /* Project object */ = {
			isa = PBXProject;
			attributes = {
				BuildIndependentTargetsInParallel = 1;
				LastSwiftUpdateCheck = 1320;
				LastUpgradeCheck = 1320;
				TargetAttributes = {
					6EFFD6BC27A1BFD200EE827C = {
						CreatedOnToolsVersion = 13.2.1;
					};
				};
			};
			buildConfigurationList = 6EFFD6B827A1BFD200EE827C /* Build configuration list for PBXProject "swift-paint-gallery" */;
			compatibilityVersion = "Xcode 13.0";
			developmentRegion = en;
			hasScannedForEncodings = 0;
			knownRegions = (
				en,
				Base,
			);
			mainGroup = 6EFFD6B427A1BFD200EE827C;
			productRefGroup = 6EFFD6BE27A1BFD200EE827C /* Products */;
			projectDirPath = "";
			projectRoot = "";
			targets = (
				6EFFD6BC27A1BFD200EE827C /* swift-paint-gallery */,
			);
		};
/* End PBXProject section */

/* Begin PBXResourcesBuildPhase section */
		6EFFD6BB27A1BFD200EE827C /* Resources */ = {
			isa = PBXResourcesBuildPhase;
			buildActionMask = 2147483647;
			files = (
				6EFFD6CD27A1BFD400EE827C /* LaunchScreen.storyboard in Resources */,
				6EFFD6CA27A1BFD400EE827C /* Assets.xcassets in Resources */,
			);
			runOnlyForDeploymentPostprocessing = 0;
		};
/* End PBXResourcesBuildPhase section */

/* Begin PBXSourcesBuildPhase section */
		6EFFD6B927A1BFD200EE827C /* Sources */ = {
			isa = PBXSourcesBuildPhase;
			buildActionMask = 2147483647;
			files = (
				6E8287C727C9017100069DB2 /* GalleryActionCollectionViewCell.swift in Sources */,
				6E8287BA27C9017100069DB2 /* FigurePickerViewCell.swift in Sources */,
				6E8287B427C9017100069DB2 /* CanvasViewController.swift in Sources */,
				6E8287A127C9017100069DB2 /* PaintModel.swift in Sources */,
				6E8287B127C9017100069DB2 /* FigurePickerViewController.swift in Sources */,
				6E8287A827C9017100069DB2 /* PaintDrawTriangleStrategy.swift in Sources */,
				6E8287A527C9017100069DB2 /* PaintDrawCurveLineStrategy.swift in Sources */,
				6E8287C527C9017100069DB2 /* PGDButton.swift in Sources */,
				6E8287A627C9017100069DB2 /* PaintDrawRectangleStrategy.swift in Sources */,
				6E8287A927C9017100069DB2 /* PaintDrawLineStrategy.swift in Sources */,
				6EFFD6C127A1BFD200EE827C /* AppDelegate.swift in Sources */,
				6E8287AE27C9017100069DB2 /* DrawDelegate.swift in Sources */,
				6E8287AF27C9017100069DB2 /* PaintModelGetterDelegate.swift in Sources */,
				6E8287B827C9017100069DB2 /* GradientView.swift in Sources */,
				6E8287BD27C9017100069DB2 /* UIImage+extension.swift in Sources */,
				6E8287AC27C9017100069DB2 /* CanvasDelegate.swift in Sources */,
				6E8287C827C9017100069DB2 /* UICollectionViewCell+extension.swift in Sources */,
				6E8287C027C9017100069DB2 /* UserDefaultsStorage.swift in Sources */,
				6E8287B927C9017100069DB2 /* FigurePickerViewLayout.swift in Sources */,
				6EFFD6C327A1BFD200EE827C /* SceneDelegate.swift in Sources */,
				6E8287C427C9017100069DB2 /* GalleryImageCollectionViewCell.swift in Sources */,
				6E8287C127C9017100069DB2 /* GalleryImageViewController.swift in Sources */,
				6E8287B027C9017100069DB2 /* TopRightMenuViewController.swift in Sources */,
				6E8287A727C9017100069DB2 /* PaintDrawCircleStrategy.swift in Sources */,
				6E8287BB27C9017100069DB2 /* DemotivatorViewController.swift in Sources */,
				6E8287BC27C9017100069DB2 /* DemotivatorMenuViewController.swift in Sources */,
				6E8287A327C9017100069DB2 /* FigureModel.swift in Sources */,
				6E8287B727C9017100069DB2 /* ColorPickerTableViewCell.swift in Sources */,
				6E8287A427C9017100069DB2 /* PaintDrawBaseStrategy.swift in Sources */,
				6E8287C627C9017100069DB2 /* GalleryViewLayout.swift in Sources */,
				6E8287BF27C9017100069DB2 /* FileStorage.swift in Sources */,
				6E8287C327C9017100069DB2 /* MenuViewController.swift in Sources */,
				6E8287B527C9017100069DB2 /* CanvasView.swift in Sources */,
				6E8287AB27C9017100069DB2 /* TopBarRightMenuDelegate.swift in Sources */,
				6E8287BE27C9017100069DB2 /* DemotivatorView.swift in Sources */,
				6E8287B627C9017100069DB2 /* TopRightMenuView.swift in Sources */,
				6E8287A227C9017100069DB2 /* FigureType.swift in Sources */,
				6E8287B327C9017100069DB2 /* ColorPickerViewController.swift in Sources */,
				6E8287AA27C9017100069DB2 /* PaintModelAccessor.swift in Sources */,
				6E8287C227C9017100069DB2 /* GalleryViewController.swift in Sources */,
				6E8287AD27C9017100069DB2 /* FigureModelDelegate.swift in Sources */,
				6E8287B227C9017100069DB2 /* PaintViewController.swift in Sources */,
			);
			runOnlyForDeploymentPostprocessing = 0;
		};
/* End PBXSourcesBuildPhase section */

/* Begin PBXVariantGroup section */
		6EFFD6CB27A1BFD400EE827C /* LaunchScreen.storyboard */ = {
			isa = PBXVariantGroup;
			children = (
				6EFFD6CC27A1BFD400EE827C /* Base */,
			);
			name = LaunchScreen.storyboard;
			sourceTree = "<group>";
		};
/* End PBXVariantGroup section */

/* Begin XCBuildConfiguration section */
		6EFFD6CF27A1BFD400EE827C /* Debug */ = {
			isa = XCBuildConfiguration;
			buildSettings = {
				ALWAYS_SEARCH_USER_PATHS = NO;
				CLANG_ANALYZER_NONNULL = YES;
				CLANG_ANALYZER_NUMBER_OBJECT_CONVERSION = YES_AGGRESSIVE;
				CLANG_CXX_LANGUAGE_STANDARD = "gnu++17";
				CLANG_CXX_LIBRARY = "libc++";
				CLANG_ENABLE_MODULES = YES;
				CLANG_ENABLE_OBJC_ARC = YES;
				CLANG_ENABLE_OBJC_WEAK = YES;
				CLANG_WARN_BLOCK_CAPTURE_AUTORELEASING = YES;
				CLANG_WARN_BOOL_CONVERSION = YES;
				CLANG_WARN_COMMA = YES;
				CLANG_WARN_CONSTANT_CONVERSION = YES;
				CLANG_WARN_DEPRECATED_OBJC_IMPLEMENTATIONS = YES;
				CLANG_WARN_DIRECT_OBJC_ISA_USAGE = YES_ERROR;
				CLANG_WARN_DOCUMENTATION_COMMENTS = YES;
				CLANG_WARN_EMPTY_BODY = YES;
				CLANG_WARN_ENUM_CONVERSION = YES;
				CLANG_WARN_INFINITE_RECURSION = YES;
				CLANG_WARN_INT_CONVERSION = YES;
				CLANG_WARN_NON_LITERAL_NULL_CONVERSION = YES;
				CLANG_WARN_OBJC_IMPLICIT_RETAIN_SELF = YES;
				CLANG_WARN_OBJC_LITERAL_CONVERSION = YES;
				CLANG_WARN_OBJC_ROOT_CLASS = YES_ERROR;
				CLANG_WARN_QUOTED_INCLUDE_IN_FRAMEWORK_HEADER = YES;
				CLANG_WARN_RANGE_LOOP_ANALYSIS = YES;
				CLANG_WARN_STRICT_PROTOTYPES = YES;
				CLANG_WARN_SUSPICIOUS_MOVE = YES;
				CLANG_WARN_UNGUARDED_AVAILABILITY = YES_AGGRESSIVE;
				CLANG_WARN_UNREACHABLE_CODE = YES;
				CLANG_WARN__DUPLICATE_METHOD_MATCH = YES;
				COPY_PHASE_STRIP = NO;
				DEBUG_INFORMATION_FORMAT = dwarf;
				ENABLE_STRICT_OBJC_MSGSEND = YES;
				ENABLE_TESTABILITY = YES;
				GCC_C_LANGUAGE_STANDARD = gnu11;
				GCC_DYNAMIC_NO_PIC = NO;
				GCC_NO_COMMON_BLOCKS = YES;
				GCC_OPTIMIZATION_LEVEL = 0;
				GCC_PREPROCESSOR_DEFINITIONS = (
					"DEBUG=1",
					"$(inherited)",
				);
				GCC_WARN_64_TO_32_BIT_CONVERSION = YES;
				GCC_WARN_ABOUT_RETURN_TYPE = YES_ERROR;
				GCC_WARN_UNDECLARED_SELECTOR = YES;
				GCC_WARN_UNINITIALIZED_AUTOS = YES_AGGRESSIVE;
				GCC_WARN_UNUSED_FUNCTION = YES;
				GCC_WARN_UNUSED_VARIABLE = YES;
				IPHONEOS_DEPLOYMENT_TARGET = 15.2;
				MTL_ENABLE_DEBUG_INFO = INCLUDE_SOURCE;
				MTL_FAST_MATH = YES;
				ONLY_ACTIVE_ARCH = YES;
				SDKROOT = iphoneos;
				SWIFT_ACTIVE_COMPILATION_CONDITIONS = DEBUG;
				SWIFT_OPTIMIZATION_LEVEL = "-Onone";
			};
			name = Debug;
		};
		6EFFD6D027A1BFD400EE827C /* Release */ = {
			isa = XCBuildConfiguration;
			buildSettings = {
				ALWAYS_SEARCH_USER_PATHS = NO;
				CLANG_ANALYZER_NONNULL = YES;
				CLANG_ANALYZER_NUMBER_OBJECT_CONVERSION = YES_AGGRESSIVE;
				CLANG_CXX_LANGUAGE_STANDARD = "gnu++17";
				CLANG_CXX_LIBRARY = "libc++";
				CLANG_ENABLE_MODULES = YES;
				CLANG_ENABLE_OBJC_ARC = YES;
				CLANG_ENABLE_OBJC_WEAK = YES;
				CLANG_WARN_BLOCK_CAPTURE_AUTORELEASING = YES;
				CLANG_WARN_BOOL_CONVERSION = YES;
				CLANG_WARN_COMMA = YES;
				CLANG_WARN_CONSTANT_CONVERSION = YES;
				CLANG_WARN_DEPRECATED_OBJC_IMPLEMENTATIONS = YES;
				CLANG_WARN_DIRECT_OBJC_ISA_USAGE = YES_ERROR;
				CLANG_WARN_DOCUMENTATION_COMMENTS = YES;
				CLANG_WARN_EMPTY_BODY = YES;
				CLANG_WARN_ENUM_CONVERSION = YES;
				CLANG_WARN_INFINITE_RECURSION = YES;
				CLANG_WARN_INT_CONVERSION = YES;
				CLANG_WARN_NON_LITERAL_NULL_CONVERSION = YES;
				CLANG_WARN_OBJC_IMPLICIT_RETAIN_SELF = YES;
				CLANG_WARN_OBJC_LITERAL_CONVERSION = YES;
				CLANG_WARN_OBJC_ROOT_CLASS = YES_ERROR;
				CLANG_WARN_QUOTED_INCLUDE_IN_FRAMEWORK_HEADER = YES;
				CLANG_WARN_RANGE_LOOP_ANALYSIS = YES;
				CLANG_WARN_STRICT_PROTOTYPES = YES;
				CLANG_WARN_SUSPICIOUS_MOVE = YES;
				CLANG_WARN_UNGUARDED_AVAILABILITY = YES_AGGRESSIVE;
				CLANG_WARN_UNREACHABLE_CODE = YES;
				CLANG_WARN__DUPLICATE_METHOD_MATCH = YES;
				COPY_PHASE_STRIP = NO;
				DEBUG_INFORMATION_FORMAT = "dwarf-with-dsym";
				ENABLE_NS_ASSERTIONS = NO;
				ENABLE_STRICT_OBJC_MSGSEND = YES;
				GCC_C_LANGUAGE_STANDARD = gnu11;
				GCC_NO_COMMON_BLOCKS = YES;
				GCC_WARN_64_TO_32_BIT_CONVERSION = YES;
				GCC_WARN_ABOUT_RETURN_TYPE = YES_ERROR;
				GCC_WARN_UNDECLARED_SELECTOR = YES;
				GCC_WARN_UNINITIALIZED_AUTOS = YES_AGGRESSIVE;
				GCC_WARN_UNUSED_FUNCTION = YES;
				GCC_WARN_UNUSED_VARIABLE = YES;
				IPHONEOS_DEPLOYMENT_TARGET = 15.2;
				MTL_ENABLE_DEBUG_INFO = NO;
				MTL_FAST_MATH = YES;
				SDKROOT = iphoneos;
				SWIFT_COMPILATION_MODE = wholemodule;
				SWIFT_OPTIMIZATION_LEVEL = "-O";
				VALIDATE_PRODUCT = YES;
			};
			name = Release;
		};
		6EFFD6D227A1BFD400EE827C /* Debug */ = {
			isa = XCBuildConfiguration;
			buildSettings = {
				ASSETCATALOG_COMPILER_APPICON_NAME = AppIcon;
				ASSETCATALOG_COMPILER_GLOBAL_ACCENT_COLOR_NAME = AccentColor;
				CODE_SIGN_STYLE = Automatic;
				CURRENT_PROJECT_VERSION = 1;
				GENERATE_INFOPLIST_FILE = YES;
				INFOPLIST_FILE = "swift-paint-gallery/Bootstrap/Info.plist";
				INFOPLIST_KEY_UIApplicationSupportsIndirectInputEvents = YES;
				INFOPLIST_KEY_UILaunchStoryboardName = LaunchScreen;
				INFOPLIST_KEY_UISupportedInterfaceOrientations_iPad = "UIInterfaceOrientationPortrait UIInterfaceOrientationPortraitUpsideDown UIInterfaceOrientationLandscapeLeft UIInterfaceOrientationLandscapeRight";
				INFOPLIST_KEY_UISupportedInterfaceOrientations_iPhone = "UIInterfaceOrientationPortrait UIInterfaceOrientationLandscapeLeft UIInterfaceOrientationLandscapeRight";
				LD_RUNPATH_SEARCH_PATHS = (
					"$(inherited)",
					"@executable_path/Frameworks",
				);
				MARKETING_VERSION = 1.0;
				PRODUCT_BUNDLE_IDENTIFIER = "com.github.akozorez.swift-paint-gallery";
				PRODUCT_NAME = "$(TARGET_NAME)";
				SWIFT_EMIT_LOC_STRINGS = YES;
				SWIFT_VERSION = 5.0;
				TARGETED_DEVICE_FAMILY = 1;
			};
			name = Debug;
		};
		6EFFD6D327A1BFD400EE827C /* Release */ = {
			isa = XCBuildConfiguration;
			buildSettings = {
				ASSETCATALOG_COMPILER_APPICON_NAME = AppIcon;
				ASSETCATALOG_COMPILER_GLOBAL_ACCENT_COLOR_NAME = AccentColor;
				CODE_SIGN_STYLE = Automatic;
				CURRENT_PROJECT_VERSION = 1;
				GENERATE_INFOPLIST_FILE = YES;
				INFOPLIST_FILE = "swift-paint-gallery/Bootstrap/Info.plist";
				INFOPLIST_KEY_UIApplicationSupportsIndirectInputEvents = YES;
				INFOPLIST_KEY_UILaunchStoryboardName = LaunchScreen;
				INFOPLIST_KEY_UISupportedInterfaceOrientations_iPad = "UIInterfaceOrientationPortrait UIInterfaceOrientationPortraitUpsideDown UIInterfaceOrientationLandscapeLeft UIInterfaceOrientationLandscapeRight";
				INFOPLIST_KEY_UISupportedInterfaceOrientations_iPhone = "UIInterfaceOrientationPortrait UIInterfaceOrientationLandscapeLeft UIInterfaceOrientationLandscapeRight";
				LD_RUNPATH_SEARCH_PATHS = (
					"$(inherited)",
					"@executable_path/Frameworks",
				);
				MARKETING_VERSION = 1.0;
				PRODUCT_BUNDLE_IDENTIFIER = "com.github.akozorez.swift-paint-gallery";
				PRODUCT_NAME = "$(TARGET_NAME)";
				SWIFT_EMIT_LOC_STRINGS = YES;
				SWIFT_VERSION = 5.0;
				TARGETED_DEVICE_FAMILY = 1;
			};
			name = Release;
		};
/* End XCBuildConfiguration section */

/* Begin XCConfigurationList section */
		6EFFD6B827A1BFD200EE827C /* Build configuration list for PBXProject "swift-paint-gallery" */ = {
			isa = XCConfigurationList;
			buildConfigurations = (
				6EFFD6CF27A1BFD400EE827C /* Debug */,
				6EFFD6D027A1BFD400EE827C /* Release */,
			);
			defaultConfigurationIsVisible = 0;
			defaultConfigurationName = Release;
		};
		6EFFD6D127A1BFD400EE827C /* Build configuration list for PBXNativeTarget "swift-paint-gallery" */ = {
			isa = XCConfigurationList;
			buildConfigurations = (
				6EFFD6D227A1BFD400EE827C /* Debug */,
				6EFFD6D327A1BFD400EE827C /* Release */,
			);
			defaultConfigurationIsVisible = 0;
			defaultConfigurationName = Release;
		};
/* End XCConfigurationList section */
	};
	rootObject = 6EFFD6B527A1BFD200EE827C /* Project object */;
}
